
Microsoft Visual Studio Solution File, Format Version 12.00
# Visual Studio 2012
Project("{FAE04EC0-301F-11D3-BF4B-00C04F79EFBC}") = "ChatServer", "ChatServer\ChatServer.csproj", "{24359052-9787-4E98-BBD2-FBA02863E292}"
EndProject
Project("{FAE04EC0-301F-11D3-BF4B-00C04F79EFBC}") = "Module", "Module\Module.csproj", "{42DCD240-6A25-4981-9017-2A566B99D42D}"
EndProject
Project("{FAE04EC0-301F-11D3-BF4B-00C04F79EFBC}") = "ModulePackage1", "ModulePackage1\ModulePackage1.csproj", "{E7D4D252-BC74-4C17-8288-874D31208813}"
EndProject
Project("{FAE04EC0-301F-11D3-BF4B-00C04F79EFBC}") = "ChatEssentials", "ChatEssentials\ChatEssentials.csproj", "{11915F24-34FB-4C4D-8CE7-3F509F8D5A42}"
EndProject
Project("{FAE04EC0-301F-11D3-BF4B-00C04F79EFBC}") = "PortedModules", "PortedModules\PortedModules.csproj", "{C3F1A924-C8B4-49DA-A014-A804BEA8F18B}"
EndProject
Project("{FAE04EC0-301F-11D3-BF4B-00C04F79EFBC}") = "ModulePackage2", "ModulePackage2\ModulePackage2.csproj", "{E93C9655-76FE-4841-81A7-AC0CA565D105}"
EndProject
Global
	GlobalSection(SolutionConfigurationPlatforms) = preSolution
		Debug|x86 = Debug|x86
		Release|x86 = Release|x86
	EndGlobalSection
	GlobalSection(ProjectConfigurationPlatforms) = postSolution
		{11915F24-34FB-4C4D-8CE7-3F509F8D5A42}.Debug|x86.ActiveCfg = Debug|Any CPU
		{11915F24-34FB-4C4D-8CE7-3F509F8D5A42}.Debug|x86.Build.0 = Debug|Any CPU
		{11915F24-34FB-4C4D-8CE7-3F509F8D5A42}.Release|x86.ActiveCfg = Release|Any CPU
		{11915F24-34FB-4C4D-8CE7-3F509F8D5A42}.Release|x86.Build.0 = Release|Any CPU
		{24359052-9787-4E98-BBD2-FBA02863E292}.Debug|x86.ActiveCfg = Debug|x86
		{24359052-9787-4E98-BBD2-FBA02863E292}.Debug|x86.Build.0 = Debug|x86
		{24359052-9787-4E98-BBD2-FBA02863E292}.Release|x86.ActiveCfg = Release|x86
		{24359052-9787-4E98-BBD2-FBA02863E292}.Release|x86.Build.0 = Release|x86
		{42DCD240-6A25-4981-9017-2A566B99D42D}.Debug|x86.ActiveCfg = Debug|Any CPU
		{42DCD240-6A25-4981-9017-2A566B99D42D}.Debug|x86.Build.0 = Debug|Any CPU
		{42DCD240-6A25-4981-9017-2A566B99D42D}.Release|x86.ActiveCfg = Release|Any CPU
		{42DCD240-6A25-4981-9017-2A566B99D42D}.Release|x86.Build.0 = Release|Any CPU
		{C3F1A924-C8B4-49DA-A014-A804BEA8F18B}.Debug|x86.ActiveCfg = Debug|Any CPU
		{C3F1A924-C8B4-49DA-A014-A804BEA8F18B}.Debug|x86.Build.0 = Debug|Any CPU
		{C3F1A924-C8B4-49DA-A014-A804BEA8F18B}.Release|x86.ActiveCfg = Release|Any CPU
		{C3F1A924-C8B4-49DA-A014-A804BEA8F18B}.Release|x86.Build.0 = Release|Any CPU
		{E7D4D252-BC74-4C17-8288-874D31208813}.Debug|x86.ActiveCfg = Debug|Any CPU
		{E7D4D252-BC74-4C17-8288-874D31208813}.Debug|x86.Build.0 = Debug|Any CPU
		{E7D4D252-BC74-4C17-8288-874D31208813}.Release|x86.ActiveCfg = Release|Any CPU
		{E7D4D252-BC74-4C17-8288-874D31208813}.Release|x86.Build.0 = Release|Any CPU
		{E93C9655-76FE-4841-81A7-AC0CA565D105}.Debug|x86.ActiveCfg = Debug|Any CPU
		{E93C9655-76FE-4841-81A7-AC0CA565D105}.Debug|x86.Build.0 = Debug|Any CPU
		{E93C9655-76FE-4841-81A7-AC0CA565D105}.Release|x86.ActiveCfg = Release|Any CPU
		{E93C9655-76FE-4841-81A7-AC0CA565D105}.Release|x86.Build.0 = Release|Any CPU
	EndGlobalSection
	GlobalSection(MonoDevelopProperties) = preSolution
		Policies = $0
		$0.TextStylePolicy = $1
		$1.FileWidth = 120
		$1.TabWidth = 3
		$1.IndentWidth = 3
		$1.inheritsSet = VisualStudio
		$1.inheritsScope = text/plain
		$1.scope = text/plain
		$0.VersionControlPolicy = $2
		$2.inheritsSet = Mono
		version = 0.1.*
	EndGlobalSection
EndGlobal
